version = 1
revision = 3
requires-python = ">=3.14"

[[package]]
name = "eyayaw-github-io"
version = "0"
source = { virtual = "." }

[package.dev-dependencies]
dev = [
    { name = "pyyaml" },
    { name = "ruff" },
    { name = "ty" },
]

[package.metadata]

[package.metadata.requires-dev]
dev = [
    { name = "pyyaml", specifier = ">=6" },
    { name = "ruff", specifier = ">=0.14" },
    { name = "ty", specifier = ">=0.0.1a21" },
]

[[package]]
name = "pyyaml"
version = "6.0.3"
source = { registry = "https://pypi.org/simple" }
sdist = { url = "https://files.pythonhosted.org/packages/05/8e/961c0007c59b8dd7729d542c61a4d537767a59645b82a0b521206e1e25c2/pyyaml-6.0.3.tar.gz", hash = "sha256:d76623373421df22fb4cf8817020cbb7ef15c725b9d5e45f17e189bfc384190f", size = 130960, upload-time = "2025-09-25T21:33:16.546Z" }
wheels = [
    { url = "https://files.pythonhosted.org/packages/9d/8c/f4bd7f6465179953d3ac9bc44ac1a8a3e6122cf8ada906b4f96c60172d43/pyyaml-6.0.3-cp314-cp314-macosx_10_13_x86_64.whl", hash = "sha256:8d1fab6bb153a416f9aeb4b8763bc0f22a5586065f86f7664fc23339fc1c1fac", size = 181814, upload-time = "2025-09-25T21:32:35.712Z" },
    { url = "https://files.pythonhosted.org/packages/bd/9c/4d95bb87eb2063d20db7b60faa3840c1b18025517ae857371c4dd55a6b3a/pyyaml-6.0.3-cp314-cp314-macosx_11_0_arm64.whl", hash = "sha256:34d5fcd24b8445fadc33f9cf348c1047101756fd760b4dacb5c3e99755703310", size = 173809, upload-time = "2025-09-25T21:32:36.789Z" },
    { url = "https://files.pythonhosted.org/packages/92/b5/47e807c2623074914e29dabd16cbbdd4bf5e9b2db9f8090fa64411fc5382/pyyaml-6.0.3-cp314-cp314-manylinux2014_aarch64.manylinux_2_17_aarch64.manylinux_2_28_aarch64.whl", hash = "sha256:501a031947e3a9025ed4405a168e6ef5ae3126c59f90ce0cd6f2bfc477be31b7", size = 766454, upload-time = "2025-09-25T21:32:37.966Z" },
    { url = "https://files.pythonhosted.org/packages/02/9e/e5e9b168be58564121efb3de6859c452fccde0ab093d8438905899a3a483/pyyaml-6.0.3-cp314-cp314-manylinux2014_s390x.manylinux_2_17_s390x.manylinux_2_28_s390x.whl", hash = "sha256:b3bc83488de33889877a0f2543ade9f70c67d66d9ebb4ac959502e12de895788", size = 836355, upload-time = "2025-09-25T21:32:39.178Z" },
    { url = "https://files.pythonhosted.org/packages/88/f9/16491d7ed2a919954993e48aa941b200f38040928474c9e85ea9e64222c3/pyyaml-6.0.3-cp314-cp314-manylinux2014_x86_64.manylinux_2_17_x86_64.manylinux_2_28_x86_64.whl", hash = "sha256:c458b6d084f9b935061bc36216e8a69a7e293a2f1e68bf956dcd9e6cbcd143f5", size = 794175, upload-time = "2025-09-25T21:32:40.865Z" },
    { url = "https://files.pythonhosted.org/packages/dd/3f/5989debef34dc6397317802b527dbbafb2b4760878a53d4166579111411e/pyyaml-6.0.3-cp314-cp314-musllinux_1_2_aarch64.whl", hash = "sha256:7c6610def4f163542a622a73fb39f534f8c101d690126992300bf3207eab9764", size = 755228, upload-time = "2025-09-25T21:32:42.084Z" },
    { url = "https://files.pythonhosted.org/packages/d7/ce/af88a49043cd2e265be63d083fc75b27b6ed062f5f9fd6cdc223ad62f03e/pyyaml-6.0.3-cp314-cp314-musllinux_1_2_x86_64.whl", hash = "sha256:5190d403f121660ce8d1d2c1bb2ef1bd05b5f68533fc5c2ea899bd15f4399b35", size = 789194, upload-time = "2025-09-25T21:32:43.362Z" },
    { url = "https://files.pythonhosted.org/packages/23/20/bb6982b26a40bb43951265ba29d4c246ef0ff59c9fdcdf0ed04e0687de4d/pyyaml-6.0.3-cp314-cp314-win_amd64.whl", hash = "sha256:4a2e8cebe2ff6ab7d1050ecd59c25d4c8bd7e6f400f5f82b96557ac0abafd0ac", size = 156429, upload-time = "2025-09-25T21:32:57.844Z" },
    { url = "https://files.pythonhosted.org/packages/f4/f4/a4541072bb9422c8a883ab55255f918fa378ecf083f5b85e87fc2b4eda1b/pyyaml-6.0.3-cp314-cp314-win_arm64.whl", hash = "sha256:93dda82c9c22deb0a405ea4dc5f2d0cda384168e466364dec6255b293923b2f3", size = 143912, upload-time = "2025-09-25T21:32:59.247Z" },
    { url = "https://files.pythonhosted.org/packages/7c/f9/07dd09ae774e4616edf6cda684ee78f97777bdd15847253637a6f052a62f/pyyaml-6.0.3-cp314-cp314t-macosx_10_13_x86_64.whl", hash = "sha256:02893d100e99e03eda1c8fd5c441d8c60103fd175728e23e431db1b589cf5ab3", size = 189108, upload-time = "2025-09-25T21:32:44.377Z" },
    { url = "https://files.pythonhosted.org/packages/4e/78/8d08c9fb7ce09ad8c38ad533c1191cf27f7ae1effe5bb9400a46d9437fcf/pyyaml-6.0.3-cp314-cp314t-macosx_11_0_arm64.whl", hash = "sha256:c1ff362665ae507275af2853520967820d9124984e0f7466736aea23d8611fba", size = 183641, upload-time = "2025-09-25T21:32:45.407Z" },
    { url = "https://files.pythonhosted.org/packages/7b/5b/3babb19104a46945cf816d047db2788bcaf8c94527a805610b0289a01c6b/pyyaml-6.0.3-cp314-cp314t-manylinux2014_aarch64.manylinux_2_17_aarch64.manylinux_2_28_aarch64.whl", hash = "sha256:6adc77889b628398debc7b65c073bcb99c4a0237b248cacaf3fe8a557563ef6c", size = 831901, upload-time = "2025-09-25T21:32:48.83Z" },
    { url = "https://files.pythonhosted.org/packages/8b/cc/dff0684d8dc44da4d22a13f35f073d558c268780ce3c6ba1b87055bb0b87/pyyaml-6.0.3-cp314-cp314t-manylinux2014_s390x.manylinux_2_17_s390x.manylinux_2_28_s390x.whl", hash = "sha256:a80cb027f6b349846a3bf6d73b5e95e782175e52f22108cfa17876aaeff93702", size = 861132, upload-time = "2025-09-25T21:32:50.149Z" },
    { url = "https://files.pythonhosted.org/packages/b1/5e/f77dc6b9036943e285ba76b49e118d9ea929885becb0a29ba8a7c75e29fe/pyyaml-6.0.3-cp314-cp314t-manylinux2014_x86_64.manylinux_2_17_x86_64.manylinux_2_28_x86_64.whl", hash = "sha256:00c4bdeba853cc34e7dd471f16b4114f4162dc03e6b7afcc2128711f0eca823c", size = 839261, upload-time = "2025-09-25T21:32:51.808Z" },
    { url = "https://files.pythonhosted.org/packages/ce/88/a9db1376aa2a228197c58b37302f284b5617f56a5d959fd1763fb1675ce6/pyyaml-6.0.3-cp314-cp314t-musllinux_1_2_aarch64.whl", hash = "sha256:66e1674c3ef6f541c35191caae2d429b967b99e02040f5ba928632d9a7f0f065", size = 805272, upload-time = "2025-09-25T21:32:52.941Z" },
    { url = "https://files.pythonhosted.org/packages/da/92/1446574745d74df0c92e6aa4a7b0b3130706a4142b2d1a5869f2eaa423c6/pyyaml-6.0.3-cp314-cp314t-musllinux_1_2_x86_64.whl", hash = "sha256:16249ee61e95f858e83976573de0f5b2893b3677ba71c9dd36b9cf8be9ac6d65", size = 829923, upload-time = "2025-09-25T21:32:54.537Z" },
    { url = "https://files.pythonhosted.org/packages/f0/7a/1c7270340330e575b92f397352af856a8c06f230aa3e76f86b39d01b416a/pyyaml-6.0.3-cp314-cp314t-win_amd64.whl", hash = "sha256:4ad1906908f2f5ae4e5a8ddfce73c320c2a1429ec52eafd27138b7f1cbe341c9", size = 174062, upload-time = "2025-09-25T21:32:55.767Z" },
    { url = "https://files.pythonhosted.org/packages/f1/12/de94a39c2ef588c7e6455cfbe7343d3b2dc9d6b6b2f40c4c6565744c873d/pyyaml-6.0.3-cp314-cp314t-win_arm64.whl", hash = "sha256:ebc55a14a21cb14062aa4162f906cd962b28e2e9ea38f9b4391244cd8de4ae0b", size = 149341, upload-time = "2025-09-25T21:32:56.828Z" },
]

[[package]]
name = "ruff"
version = "0.16.5"
source = { registry = "https://pypi.org/simple" }
sdist = { url = "https://files.pythonhosted.org/packages/f3/85/c8e12473c93018f92d19dd988a294202e1c27426c47ec4de53ffb847b8d8/ruff-0.16.5.tar.gz", hash = "sha256:1b88500f9ffbcab3dedb0082c9f9492e91ec3d618aac1236a3e0189938f7040b", size = 4912003, upload-time = "2026-08-27T16:34:18.258Z" }
wheels = [
    { url = "https://files.pythonhosted.org/packages/c6/b6/77c90a970fe2dae17a723acbd011043ea97c98d7deacccefdc4ba74ec512/ruff-0.16.5-py3-none-linux_armv6l.whl", hash = "sha256:12e5f673e774c35fbb62f288809c7653b73445f8ecec6b6063fd6ea3521aa14b", size = 10011941, upload-time = "2026-08-27T16:33:41.287Z" },
    { url = "https://files.pythonhosted.org/packages/4b/46/6cf67cf6411885a1d6f7f6d801682f155536a85176d10b605e2ceffed8bd/ruff-0.16.5-py3-none-macosx_10_12_x86_64.whl", hash = "sha256:eda58a5802de40e7ed5b32b64e0b32539338cc6fcd2c78f61e3ad6a0d79f51c3", size = 10204049, upload-time = "2026-08-27T16:33:44.056Z" },
    { url = "https://files.pythonhosted.org/packages/46/fd/c8720ca7a090abf0c2fef4abe8a5ef6e5127ed15196d8886ff75a2b370e2/ruff-0.16.5-py3-none-macosx_11_0_arm64.whl", hash = "sha256:c5ae9a7b9a8875131f40f8fe967cc86abf899779efd663cb7ce3d572d01da7eb", size = 9809037, upload-time = "2026-08-27T16:33:46.257Z" },
    { url = "https://files.pythonhosted.org/packages/43/45/a684caacdedaca180f52bacccc40bf0789d2c5a7c75f25324853e9eaedb5/ruff-0.16.5-py3-none-manylinux_2_17_aarch64.manylinux2014_aarch64.whl", hash = "sha256:7b719b0a1f4d59710d283ab2965f621684a108a9e41da622e3b23f0326cd0025", size = 9964129, upload-time = "2026-08-27T16:33:48.352Z" },
    { url = "https://files.pythonhosted.org/packages/9e/f2/5d2bcdaca6b5b93d1b4dfc166cd2aebf7680143a1b38a28759df13a94d31/ruff-0.16.5-py3-none-manylinux_2_17_armv7l.manylinux2014_armv7l.whl", hash = "sha256:2298f2780ed1be0c5cb1361e32ab7b1467f3cce7dabe101d2210a314f2fe42e9", size = 9821518, upload-time = "2026-08-27T16:33:50.57Z" },
    { url = "https://files.pythonhosted.org/packages/aa/ff/011cce29accf9257d5974145b733fc653a37985ed6825413a3987cefbfe0/ruff-0.16.5-py3-none-manylinux_2_17_i686.manylinux2014_i686.whl", hash = "sha256:258f29035a2dd021e7861e631b227a5b3f14e50c1184c9a6a122c5f4576154d7", size = 10534835, upload-time = "2026-08-27T16:33:52.522Z" },
    { url = "https://files.pythonhosted.org/packages/d7/5a/f0cf109bada9bba0e96c90c21c9f9251803f57225c32d293327a03c710d6/ruff-0.16.5-py3-none-manylinux_2_17_ppc64le.manylinux2014_ppc64le.whl", hash = "sha256:b9a4f0432966834019c74d1b7e5c51224305d7713f3d7faf3e7451f1a3be3cde", size = 11252550, upload-time = "2026-08-27T16:33:54.521Z" },
    { url = "https://files.pythonhosted.org/packages/63/4d/1d481aaea2046c6a7ed7c291f9004c669cce3c087b6b376ed5b08271e3fe/ruff-0.16.5-py3-none-manylinux_2_17_s390x.manylinux2014_s390x.whl", hash = "sha256:b5eb3a8c3d0ade9cea42b591fd530368e8798380e30e0a308b85a5cf718f09ea", size = 10777949, upload-time = "2026-08-27T16:33:56.88Z" },
    { url = "https://files.pythonhosted.org/packages/ee/34/ee245ca55f64443233034b3d02b03236b19242004281247c079390b7facd/ruff-0.16.5-py3-none-manylinux_2_17_x86_64.manylinux2014_x86_64.whl", hash = "sha256:ef0f69e191a13a3c9816f63163c88790cb12cd157bbbb384e9c44745702ab105", size = 10311656, upload-time = "2026-08-27T16:33:59.12Z" },
    { url = "https://files.pythonhosted.org/packages/a7/4d/c33a333e341c0a2b96c715b52d89a606f5a34cd4ac493cd9b8d0187186b8/ruff-0.16.5-py3-none-manylinux_2_31_riscv64.whl", hash = "sha256:0eeab41fbea2c42f98dfb9822cdccda9d24ba38d49f6dc945b5c236d48f0ef29", size = 10532125, upload-time = "2026-08-27T16:34:01.166Z" },
    { url = "https://files.pythonhosted.org/packages/30/e1/a64cef78b40192497bb98a27a8aa8f2c98ee9ee15bc97f7712d94ef32937/ruff-0.16.5-py3-none-musllinux_1_2_aarch64.whl", hash = "sha256:f0768e9df4300713fff30733c87575f68b6f1d8de41184e505b7fdd9c0c95eaf", size = 10097648, upload-time = "2026-08-27T16:34:03.16Z" },
    { url = "https://files.pythonhosted.org/packages/cc/4e/4cdc9ed3c3e109d2f71e62572a37457298d7bc7501ec3138babb7ed32bbd/ruff-0.16.5-py3-none-musllinux_1_2_armv7l.whl", hash = "sha256:95cc70cdc7aa80c338de356279d2adbeb2de0f520b9ecd8aba75b94e95e02f91", size = 9829344, upload-time = "2026-08-27T16:34:05.134Z" },
    { url = "https://files.pythonhosted.org/packages/39/4a/31ed35ce31729955fc583ee0d176d6e784c1290cb0b0a75cb2134c1ab72a/ruff-0.16.5-py3-none-musllinux_1_2_i686.whl", hash = "sha256:d185c8398ded1bfd91c0c2cb258346307571eccc473a8490af8c3977399c384a", size = 10277117, upload-time = "2026-08-27T16:34:07.425Z" },
    { url = "https://files.pythonhosted.org/packages/a8/a0/60356d86687b4b666d593df213f4dc3041750d024cb7bf2cfa81cfd65c2e/ruff-0.16.5-py3-none-musllinux_1_2_x86_64.whl", hash = "sha256:fb8e3a3c4c6a784150a7ced53b015f4b253fc2bf97a610886419ead64b4756ef", size = 10711653, upload-time = "2026-08-27T16:34:09.712Z" },
    { url = "https://files.pythonhosted.org/packages/ed/20/656d67f5b25ca9bda4e02b1de25867b2954e1d19e03648060f167ad0f4cc/ruff-0.16.5-py3-none-win32.whl", hash = "sha256:288b0a5f080492fe5635db849f9e2e84aa3cce7b7f0e955997d416c507c76a26", size = 10034250, upload-time = "2026-08-27T16:34:11.8Z" },
    { url = "https://files.pythonhosted.org/packages/5b/42/ee8e68a207b9127fcde6c3d7e197def432f346cb1af159e1fa14ca0d1cdc/ruff-0.16.5-py3-none-win_amd64.whl", hash = "sha256:ddc6385fb2137f616357ca03d6c74f4be987f80fed4008566b754f6032b8546f", size = 10516714, upload-time = "2026-08-27T16:34:13.963Z" },
    { url = "https://files.pythonhosted.org/packages/73/e3/7df5a396e445b9ba49ce9a9437439a4d80042c61c0ade199abf8d16de1ac/ruff-0.16.5-py3-none-win_arm64.whl", hash = "sha256:a64abe90968719b851bb7cedffaa8753fbdbdadab483089682db623f3edc587e", size = 10391564, upload-time = "2026-08-27T16:34:16.064Z" },
]

[[package]]
name = "ty"
version = "0.0.77"
source = { registry = "https://pypi.org/simple" }
sdist = { url = "https://files.pythonhosted.org/packages/bb/ef/a2024d1d33d5ba8436677a6fd734f87a137150aba99906fc009f7c5de956/ty-0.0.77.tar.gz", hash = "sha256:8898f3097610f4a772ead6bfad7b204c7d76e8eb3a010c7285b9186278e0fb82", size = 7005734, upload-time = "2026-09-01T00:26:26.901Z" }
wheels = [
    { url = "https://files.pythonhosted.org/packages/48/03/930f7454a6d797abc09aebbf537017825ebb08d9f8c2e2d905e74341dbb1/ty-0.0.77-py3-none-linux_armv6l.whl", hash = "sha256:ea76012f1ed387b6fc6500894fb8a7654b724c38713e263a23f12756f00e2469", size = 13241626, upload-time = "2026-09-01T00:25:51.02Z" },
    { url = "https://files.pythonhosted.org/packages/65/41/7e064045775718673851f6c0e1cfde70d6e380b0db9d91d4484a362f2d67/ty-0.0.77-py3-none-macosx_10_12_x86_64.whl", hash = "sha256:237a58c389e01d65c4693e0394feb0f0adea3fba0345c3b932d209084372f3d3", size = 12830037, upload-time = "2026-09-01T00:25:53.172Z" },
    { url = "https://files.pythonhosted.org/packages/5b/64/66f0b0dc89bd239922bdf12fa3e6d066aa7a425e8b70414368c4eb44a6e6/ty-0.0.77-py3-none-macosx_11_0_arm64.whl", hash = "sha256:bbb8ae7a753b9a6af25725c314d0eca967e5fde5eebb7a35b04b0d763dfb9d7c", size = 12612071, upload-time = "2026-09-01T00:25:55.116Z" },
    { url = "https://files.pythonhosted.org/packages/fd/5c/bef8b1f471931a9395792be023613b6cee0ef1449815bf97b18be07f883c/ty-0.0.77-py3-none-manylinux_2_17_aarch64.manylinux2014_aarch64.whl", hash = "sha256:603620c063b718ddbe302f83fb0d7c01a13f1941c3b9763512a89c9bbfabba96", size = 12641403, upload-time = "2026-09-01T00:25:57.305Z" },
    { url = "https://files.pythonhosted.org/packages/43/66/e4d32a0145162f79bc3dd6fca4770f88966c3b5206121ffeecd5f7b05e8b/ty-0.0.77-py3-none-manylinux_2_17_armv7l.manylinux2014_armv7l.whl", hash = "sha256:03f128cb8b204e22a18f4b01ef0194aa445f4edb080cb7d77621cb2ab353885c", size = 13013526, upload-time = "2026-09-01T00:25:59.278Z" },
    { url = "https://files.pythonhosted.org/packages/aa/be/33493ee43d4db7d402ceaee55c5d6c22e2b1105f10b1ac5928c220f79650/ty-0.0.77-py3-none-manylinux_2_17_i686.manylinux2014_i686.whl", hash = "sha256:97d1600ef69fc8e3b2310de1915cd34ba3b712fdc730cb02b713520956baec0a", size = 13828076, upload-time = "2026-09-01T00:26:01.343Z" },
    { url = "https://files.pythonhosted.org/packages/cf/d5/b6335fdc8c09aaaaf6541322076c5a7205fa16c29dbeddc1f24dd89b3894/ty-0.0.77-py3-none-manylinux_2_17_ppc64le.manylinux2014_ppc64le.whl", hash = "sha256:dced0924a83b6d945fd48a29aa85e131fb98dc574f4c9a0e7c43d03eff373402", size = 14247770, upload-time = "2026-09-01T00:26:03.388Z" },
    { url = "https://files.pythonhosted.org/packages/11/64/bbe96c1da26585919ac10f33df1d337d9b498013fc60c5178e76955c2a53/ty-0.0.77-py3-none-manylinux_2_17_s390x.manylinux2014_s390x.whl", hash = "sha256:b14b002233a954115a04932b3a93d75a387569848276cf7bb0b5dc6b040001c4", size = 13926528, upload-time = "2026-09-01T00:26:05.587Z" },
    { url = "https://files.pythonhosted.org/packages/4f/e2/cdc94e9a1b69e9b7dd0ec3ad3ca75741245b8b5b2e3ffe9b365ca31d8052/ty-0.0.77-py3-none-manylinux_2_17_x86_64.manylinux2014_x86_64.whl", hash = "sha256:581adf1ae1e48e00e89ec162913d559ddf75a7805646a13ffd68943c1b5e8daa", size = 13290834, upload-time = "2026-09-01T00:26:07.912Z" },
    { url = "https://files.pythonhosted.org/packages/92/8c/4929dd8e924ddbd6284dcb3cfbda488bd6cb091e5384f8b7fb5dd3de9122/ty-0.0.77-py3-none-manylinux_2_31_riscv64.whl", hash = "sha256:9bda523b40e06c643feb6d5d5bcbacc56a2bd9eed3d7cae1119452502bcd69b0", size = 13829048, upload-time = "2026-09-01T00:26:10.093Z" },
    { url = "https://files.pythonhosted.org/packages/9b/f4/441a74ddc5e2db2690264c1ee0e478d46b8e42bd529472fdb1656b63bff2/ty-0.0.77-py3-none-musllinux_1_2_aarch64.whl", hash = "sha256:4b8b04d8c3af8148e963e950094bd53c8cc4d3a11f5f8764ff8d39627bd6e64a", size = 12803755, upload-time = "2026-09-01T00:26:12.055Z" },
    { url = "https://files.pythonhosted.org/packages/85/39/875bb7092ee1edb090b62eca74b7311f6416dc3aa7da442b4a1f95408251/ty-0.0.77-py3-none-musllinux_1_2_armv7l.whl", hash = "sha256:33a9ff9be488edf4d6fac46c456198cc848d9641f418f1a83aa123825e93c6ec", size = 13028244, upload-time = "2026-09-01T00:26:14.212Z" },
    { url = "https://files.pythonhosted.org/packages/e3/76/4b0a48f118dca6a32e1609f2d0bea2c3f7be9051af645fe5044ca35cbbb4/ty-0.0.77-py3-none-musllinux_1_2_i686.whl", hash = "sha256:61ad5467206e5ea6531c8aebebf1276c6150989a94a1d5974a84d9e0eeed5c38", size = 13321068, upload-time = "2026-09-01T00:26:16.418Z" },
    { url = "https://files.pythonhosted.org/packages/8d/46/cd21bc6441df4b221d9e131551bab2a5f9c0b724e60e1c960622ee175128/ty-0.0.77-py3-none-musllinux_1_2_x86_64.whl", hash = "sha256:1293b94f26d1f330424e3b97c20b434f7e2ac1938287b8588466c75ece6c0b10", size = 13609112, upload-time = "2026-09-01T00:26:18.424Z" },
    { url = "https://files.pythonhosted.org/packages/21/7b/0da4537a7eca4eb3ca72a2cb4539cfbb6fb3138d1dc4ae7a66299b941fb3/ty-0.0.77-py3-none-win32.whl", hash = "sha256:cb71152bdf56860375c790682cc3efc120aaf8e36f1cd6367773312905e82b50", size = 12573821, upload-time = "2026-09-01T00:26:20.404Z" },
    { url = "https://files.pythonhosted.org/packages/96/91/aec75b11bfaa5a358f5a505afa6307fc4bee1c5f4c6444e18fa82c25f3be/ty-0.0.77-py3-none-win_amd64.whl", hash = "sha256:86f01d4af8b006c9442a2de0ab949cc24462f8f9431bebc0b73f6166fbbca19f", size = 13154851, upload-time = "2026-09-01T00:26:22.389Z" },
    { url = "https://files.pythonhosted.org/packages/bf/e5/77772f95ff81bf7c817595cd08b52d007acab90dac0f2339faa486e6a525/ty-0.0.77-py3-none-win_arm64.whl", hash = "sha256:942a3bb2a4786c80bd8ef4503e5024046617cdfcc550b56c1acc4817ce7ac144", size = 12992392, upload-time = "2026-09-01T00:26:24.44Z" },
]
